
Microsoft Visual Studio Solution File, Format Version 12.00
# Visual Studio Version 16
VisualStudioVersion = 16.0.29709.97
MinimumVisualStudioVersion = 10.0.40219.1
Project("{2150E333-8FDC-42A3-9474-1A3956D46DE8}") = "domain", "domain", "{5264BD49-F65D-4F10-8695-232B7BD08D82}"
EndProject
Project("{2150E333-8FDC-42A3-9474-1A3956D46DE8}") = "infrastructure", "infrastructure", "{F540927E-03AE-4E66-9566-F330A2B0F7D0}"
EndProject
Project("{2150E333-8FDC-42A3-9474-1A3956D46DE8}") = "presentation", "presentation", "{D6B0B446-AE08-4F75-9DC8-BDB1311F7373}"
EndProject
Project("{FAE04EC0-301F-11D3-BF4B-00C04F79EFBC}") = "Store", "domain\Store\Store.csproj", "{54C50328-36E8-4133-9112-197BD3025906}"
EndProject
Project("{9A19103F-16F7-4668-BE54-9A1E7A4F7556}") = "Store.Web", "presentation\Store.Web\Store.Web.csproj", "{D66A1A95-27E0-4251-9BF5-3FDF6E9B79C6}"
EndProject
Project("{9A19103F-16F7-4668-BE54-9A1E7A4F7556}") = "Store.Tests", "domain\Store.Tests\Store.Tests.csproj", "{36FEF394-61BC-4EF0-A88C-3BE78EB4AB0B}"
EndProject
Project("{FAE04EC0-301F-11D3-BF4B-00C04F79EFBC}") = "Store.Web.Contractors", "presentation\Store.Web.Contractors\Store.Web.Contractors.csproj", "{C80D609A-E0F2-4808-8B9C-60CE1B4B6A7C}"
EndProject
Project("{2150E333-8FDC-42A3-9474-1A3956D46DE8}") = "plugins", "plugins", "{5CD852B4-DEAF-4A49-B576-9B4311C4A7A3}"
EndProject
Project("{9A19103F-16F7-4668-BE54-9A1E7A4F7556}") = "Store.YandexKassa", "plugins\Store.YandexKassa\Store.YandexKassa.csproj", "{45B47AF2-D3F5-406E-94A0-C00DA6B8A942}"
EndProject
Project("{2150E333-8FDC-42A3-9474-1A3956D46DE8}") = "application", "application", "{C13D21DE-5E5E-40B4-9697-701148CC596B}"
EndProject
Project("{FAE04EC0-301F-11D3-BF4B-00C04F79EFBC}") = "Store.Web.App", "application\Store.Web.App\Store.Web.App.csproj", "{7AE21549-EDA1-4F1C-B89E-9190A1229E01}"
EndProject
Project("{FAE04EC0-301F-11D3-BF4B-00C04F79EFBC}") = "Store.Data.EF", "infrostructure\Store.Data.EF\Store.Data.EF.csproj", "{07D69B64-6199-427E-B7F6-08C27BAF2E40}"
EndProject
Global
	GlobalSection(SolutionConfigurationPlatforms) = preSolution
		Debug|Any CPU = Debug|Any CPU
		Release|Any CPU = Release|Any CPU
	EndGlobalSection
	GlobalSection(ProjectConfigurationPlatforms) = postSolution
		{54C50328-36E8-4133-9112-197BD3025906}.Debug|Any CPU.ActiveCfg = Debug|Any CPU
		{54C50328-36E8-4133-9112-197BD3025906}.Debug|Any CPU.Build.0 = Debug|Any CPU
		{54C50328-36E8-4133-9112-197BD3025906}.Release|Any CPU.ActiveCfg = Release|Any CPU
		{54C50328-36E8-4133-9112-197BD3025906}.Release|Any CPU.Build.0 = Release|Any CPU
		{D66A1A95-27E0-4251-9BF5-3FDF6E9B79C6}.Debug|Any CPU.ActiveCfg = Debug|Any CPU
		{D66A1A95-27E0-4251-9BF5-3FDF6E9B79C6}.Debug|Any CPU.Build.0 = Debug|Any CPU
		{D66A1A95-27E0-4251-9BF5-3FDF6E9B79C6}.Release|Any CPU.ActiveCfg = Release|Any CPU
		{D66A1A95-27E0-4251-9BF5-3FDF6E9B79C6}.Release|Any CPU.Build.0 = Release|Any CPU
		{36FEF394-61BC-4EF0-A88C-3BE78EB4AB0B}.Debug|Any CPU.ActiveCfg = Debug|Any CPU
		{36FEF394-61BC-4EF0-A88C-3BE78EB4AB0B}.Debug|Any CPU.Build.0 = Debug|Any CPU
		{36FEF394-61BC-4EF0-A88C-3BE78EB4AB0B}.Release|Any CPU.ActiveCfg = Release|Any CPU
		{36FEF394-61BC-4EF0-A88C-3BE78EB4AB0B}.Release|Any CPU.Build.0 = Release|Any CPU
		{C80D609A-E0F2-4808-8B9C-60CE1B4B6A7C}.Debug|Any CPU.ActiveCfg = Debug|Any CPU
		{C80D609A-E0F2-4808-8B9C-60CE1B4B6A7C}.Debug|Any CPU.Build.0 = Debug|Any CPU
		{C80D609A-E0F2-4808-8B9C-60CE1B4B6A7C}.Release|Any CPU.ActiveCfg = Release|Any CPU
		{C80D609A-E0F2-4808-8B9C-60CE1B4B6A7C}.Release|Any CPU.Build.0 = Release|Any CPU
		{45B47AF2-D3F5-406E-94A0-C00DA6B8A942}.Debug|Any CPU.ActiveCfg = Debug|Any CPU
		{45B47AF2-D3F5-406E-94A0-C00DA6B8A942}.Debug|Any CPU.Build.0 = Debug|Any CPU
		{45B47AF2-D3F5-406E-94A0-C00DA6B8A942}.Release|Any CPU.ActiveCfg = Release|Any CPU
		{45B47AF2-D3F5-406E-94A0-C00DA6B8A942}.Release|Any CPU.Build.0 = Release|Any CPU
		{7AE21549-EDA1-4F1C-B89E-9190A1229E01}.Debug|Any CPU.ActiveCfg = Debug|Any CPU
		{7AE21549-EDA1-4F1C-B89E-9190A1229E01}.Debug|Any CPU.Build.0 = Debug|Any CPU
		{7AE21549-EDA1-4F1C-B89E-9190A1229E01}.Release|Any CPU.ActiveCfg = Release|Any CPU
		{7AE21549-EDA1-4F1C-B89E-9190A1229E01}.Release|Any CPU.Build.0 = Release|Any CPU
		{07D69B64-6199-427E-B7F6-08C27BAF2E40}.Debug|Any CPU.ActiveCfg = Debug|Any CPU
		{07D69B64-6199-427E-B7F6-08C27BAF2E40}.Debug|Any CPU.Build.0 = Debug|Any CPU
		{07D69B64-6199-427E-B7F6-08C27BAF2E40}.Release|Any CPU.ActiveCfg = Release|Any CPU
		{07D69B64-6199-427E-B7F6-08C27BAF2E40}.Release|Any CPU.Build.0 = Release|Any CPU
	EndGlobalSection
	GlobalSection(SolutionProperties) = preSolution
		HideSolutionNode = FALSE
	EndGlobalSection
	GlobalSection(NestedProjects) = preSolution
		{54C50328-36E8-4133-9112-197BD3025906} = {5264BD49-F65D-4F10-8695-232B7BD08D82}
		{D66A1A95-27E0-4251-9BF5-3FDF6E9B79C6} = {D6B0B446-AE08-4F75-9DC8-BDB1311F7373}
		{36FEF394-61BC-4EF0-A88C-3BE78EB4AB0B} = {5264BD49-F65D-4F10-8695-232B7BD08D82}
		{C80D609A-E0F2-4808-8B9C-60CE1B4B6A7C} = {D6B0B446-AE08-4F75-9DC8-BDB1311F7373}
		{45B47AF2-D3F5-406E-94A0-C00DA6B8A942} = {5CD852B4-DEAF-4A49-B576-9B4311C4A7A3}
		{7AE21549-EDA1-4F1C-B89E-9190A1229E01} = {C13D21DE-5E5E-40B4-9697-701148CC596B}
		{07D69B64-6199-427E-B7F6-08C27BAF2E40} = {F540927E-03AE-4E66-9566-F330A2B0F7D0}
	EndGlobalSection
	GlobalSection(ExtensibilityGlobals) = postSolution
		SolutionGuid = {B44980E4-6208-4195-84E7-8381460A0064}
	EndGlobalSection
EndGlobal
